
Microsoft Visual Studio Solution File, Format Version 12.00
# Visual Studio Version 16
VisualStudioVersion = 16.0.30011.22
MinimumVisualStudioVersion = 10.0.40219.1
Project("{FAE04EC0-301F-11D3-BF4B-00C04F79EFBC}") = "interfata forme", "interfata forme\interfata forme.csproj", "{D7D08120-88C5-4BB1-853B-3C61FEC3074A}"
EndProject
Global
	GlobalSection(SolutionConfigurationPlatforms) = preSolution
		Debug|Any CPU = Debug|Any CPU
		Release|Any CPU = Release|Any CPU
	EndGlobalSection
	GlobalSection(ProjectConfigurationPlatforms) = postSolution
		{D7D08120-88C5-4BB1-853B-3C61FEC3074A}.Debug|Any CPU.ActiveCfg = Debug|Any CPU
		{D7D08120-88C5-4BB1-853B-3C61FEC3074A}.Debug|Any CPU.Build.0 = Debug|Any CPU
		{D7D08120-88C5-4BB1-853B-3C61FEC3074A}.Release|Any CPU.ActiveCfg = Release|Any CPU
		{D7D08120-88C5-4BB1-853B-3C61FEC3074A}.Release|Any CPU.Build.0 = Release|Any CPU
	EndGlobalSection
	GlobalSection(SolutionProperties) = preSolution
		HideSolutionNode = FALSE
	EndGlobalSection
	GlobalSection(ExtensibilityGlobals) = postSolution
		SolutionGuid = {68BDFDDD-02C0-4EAC-97B6-DB5BD3515FCD}
	EndGlobalSection
EndGlobal
